
Microsoft Visual Studio Solution File, Format Version 12.00
# Visual Studio Version 17
VisualStudioVersion = 17.7.34031.279
MinimumVisualStudioVersion = 10.0.40219.1
Project("{FAE04EC0-301F-11D3-BF4B-00C04F79EFBC}") = "HW4Task4", "HW4Task4\HW4Task4.csproj", "{045C46D1-4855-4C0E-A994-132CE4986ADE}"
EndProject
Project("{2150E333-8FDC-42A3-9474-1A3956D46DE8}") = "Solution Items", "Solution Items", "{EF835C86-97F5-4B19-B1BA-09A3A26562DB}"
EndProject
Project("{FAE04EC0-301F-11D3-BF4B-00C04F79EFBC}") = "interface", "interface\interface.csproj", "{95570716-97D7-4CF7-A0DA-5251E943D12D}"
EndProject
Global
	GlobalSection(SolutionConfigurationPlatforms) = preSolution
		Debug|Any CPU = Debug|Any CPU
		Release|Any CPU = Release|Any CPU
	EndGlobalSection
	GlobalSection(ProjectConfigurationPlatforms) = postSolution
		{045C46D1-4855-4C0E-A994-132CE4986ADE}.Debug|Any CPU.ActiveCfg = Debug|Any CPU
		{045C46D1-4855-4C0E-A994-132CE4986ADE}.Debug|Any CPU.Build.0 = Debug|Any CPU
		{045C46D1-4855-4C0E-A994-132CE4986ADE}.Release|Any CPU.ActiveCfg = Release|Any CPU
		{045C46D1-4855-4C0E-A994-132CE4986ADE}.Release|Any CPU.Build.0 = Release|Any CPU
		{95570716-97D7-4CF7-A0DA-5251E943D12D}.Debug|Any CPU.ActiveCfg = Debug|Any CPU
		{95570716-97D7-4CF7-A0DA-5251E943D12D}.Debug|Any CPU.Build.0 = Debug|Any CPU
		{95570716-97D7-4CF7-A0DA-5251E943D12D}.Release|Any CPU.ActiveCfg = Release|Any CPU
		{95570716-97D7-4CF7-A0DA-5251E943D12D}.Release|Any CPU.Build.0 = Release|Any CPU
	EndGlobalSection
	GlobalSection(SolutionProperties) = preSolution
		HideSolutionNode = FALSE
	EndGlobalSection
	GlobalSection(ExtensibilityGlobals) = postSolution
		SolutionGuid = {42E86CC7-C87F-410C-8D28-61AA52E6A14E}
	EndGlobalSection
EndGlobal
